{
  "nodes": {
    "community-overlay": {
      "inputs": {
        "flake-utils": [
          "flake-utils"
        ],
        "nixpkgs": [
          "nixpkgs"
        ]
      },
      "locked": {
        "lastModified": 1674032919,
        "narHash": "sha256-5tHaGJsZW6EXHAPogAbHObk6OKWmLDRSkpbAmLtgol8=",
        "owner": "nix-community",
        "repo": "emacs-overlay",
        "rev": "d0d9310e383f25872db7dea6a2b60dbc13db9ee4",
        "type": "github"
      },
      "original": {
        "owner": "nix-community",
        "repo": "emacs-overlay",
        "type": "github"
      }
    },
    "emacs": {
      "flake": false,
      "locked": {
        "lastModified": 1674003553,
        "narHash": "sha256-I4HCQG8A7ziulu4apABGyuBPzbIv7EALTNSNw8DBVRA=",
        "ref": "refs/heads/master",
        "rev": "281f48f19ecad706a639d57cb937afb0b97eded7",
        "revCount": 164556,
        "type": "git",
        "url": "git://git.sv.gnu.org/emacs.git"
      },
      "original": {
        "type": "git",
        "url": "git://git.sv.gnu.org/emacs.git"
      }
    },
    "flake-utils": {
      "locked": {
        "lastModified": 1667395993,
        "narHash": "sha256-nuEHfE/LcWyuSWnS8t12N1wc105Qtau+/OdUAjtQ0rA=",
        "owner": "numtide",
        "repo": "flake-utils",
        "rev": "5aed5285a952e0b949eb3ba02c12fa4fcfef535f",
        "type": "github"
      },
      "original": {
        "owner": "numtide",
        "repo": "flake-utils",
        "type": "github"
      }
    },
    "nixpkgs": {
      "locked": {
        "lastModified": 1673947312,
        "narHash": "sha256-xx/2nRwRy3bXrtry6TtydKpJpqHahjuDB5sFkQ/XNDE=",
        "owner": "NixOS",
        "repo": "nixpkgs",
        "rev": "2d38b664b4400335086a713a0036aafaa002c003",
        "type": "github"
      },
      "original": {
        "id": "nixpkgs",
        "type": "indirect"
      }
    },
    "root": {
      "inputs": {
        "community-overlay": "community-overlay",
        "emacs": "emacs",
        "flake-utils": "flake-utils",
        "nixpkgs": "nixpkgs"
      }
    }
  },
  "root": "root",
  "version": 7
}
