{
  "nodes": {
    "community-overlay": {
      "inputs": {
        "flake-utils": [
          "flake-utils"
        ],
        "nixpkgs": [
          "nixpkgs"
        ]
      },
      "locked": {
        "lastModified": 1675620534,
        "narHash": "sha256-Slw7pdqK0BK0NQmavEA1gAW4gb3+VZfDRyPi94Xt0bU=",
        "owner": "nix-community",
        "repo": "emacs-overlay",
        "rev": "ea9ceddec99ab3c66017ab3104fb86863e26154a",
        "type": "github"
      },
      "original": {
        "owner": "nix-community",
        "repo": "emacs-overlay",
        "type": "github"
      }
    },
    "emacs": {
      "flake": false,
      "locked": {
        "lastModified": 1675620069,
        "narHash": "sha256-E1UBqmpZpMQliT0pVtY6tWHbCT7frDB3lr3UK+XGzhU=",
        "ref": "refs/heads/master",
        "rev": "013655811aa1c89754372610c8c6ccccec166035",
        "revCount": 164827,
        "type": "git",
        "url": "git://git.sv.gnu.org/emacs.git"
      },
      "original": {
        "type": "git",
        "url": "git://git.sv.gnu.org/emacs.git"
      }
    },
    "flake-utils": {
      "locked": {
        "lastModified": 1667395993,
        "narHash": "sha256-nuEHfE/LcWyuSWnS8t12N1wc105Qtau+/OdUAjtQ0rA=",
        "owner": "numtide",
        "repo": "flake-utils",
        "rev": "5aed5285a952e0b949eb3ba02c12fa4fcfef535f",
        "type": "github"
      },
      "original": {
        "owner": "numtide",
        "repo": "flake-utils",
        "type": "github"
      }
    },
    "nixpkgs": {
      "locked": {
        "lastModified": 1675431879,
        "narHash": "sha256-kF/24JC5syftRJE64GMK14/vdLRbuEzZjV1cqxBfCeU=",
        "owner": "NixOS",
        "repo": "nixpkgs",
        "rev": "959190ecf6e5b8c7c30721f3235de84d568359ee",
        "type": "github"
      },
      "original": {
        "id": "nixpkgs",
        "type": "indirect"
      }
    },
    "root": {
      "inputs": {
        "community-overlay": "community-overlay",
        "emacs": "emacs",
        "flake-utils": "flake-utils",
        "nixpkgs": "nixpkgs"
      }
    }
  },
  "root": "root",
  "version": 7
}
