{
  "nodes": {
    "community-overlay": {
      "inputs": {
        "flake-utils": [
          "flake-utils"
        ],
        "nixpkgs": [
          "nixpkgs"
        ]
      },
      "locked": {
        "lastModified": 1673892843,
        "narHash": "sha256-c5YlWiJLvh6oS0ZpvhMiuo4N8zRw6PjPrzxTXvA0zuc=",
        "owner": "nix-community",
        "repo": "emacs-overlay",
        "rev": "f3f76b7ba1359b070df55ae2c80c18d662fbd71f",
        "type": "github"
      },
      "original": {
        "owner": "nix-community",
        "repo": "emacs-overlay",
        "type": "github"
      }
    },
    "emacs": {
      "flake": false,
      "locked": {
        "lastModified": 1673894551,
        "narHash": "sha256-7SlZj4czwibP21NiuaU5T/tzZxUEgFgq1KD4PSQAEnM=",
        "ref": "refs/heads/master",
        "rev": "bcaa63ac506dc070b29db13326801ff978e8b00d",
        "revCount": 164535,
        "type": "git",
        "url": "git://git.sv.gnu.org/emacs.git"
      },
      "original": {
        "type": "git",
        "url": "git://git.sv.gnu.org/emacs.git"
      }
    },
    "flake-utils": {
      "locked": {
        "lastModified": 1667395993,
        "narHash": "sha256-nuEHfE/LcWyuSWnS8t12N1wc105Qtau+/OdUAjtQ0rA=",
        "owner": "numtide",
        "repo": "flake-utils",
        "rev": "5aed5285a952e0b949eb3ba02c12fa4fcfef535f",
        "type": "github"
      },
      "original": {
        "owner": "numtide",
        "repo": "flake-utils",
        "type": "github"
      }
    },
    "nixpkgs": {
      "locked": {
        "lastModified": 1673606088,
        "narHash": "sha256-wdYD41UwNwPhTdMaG0AIe7fE1bAdyHe6bB4HLUqUvck=",
        "owner": "NixOS",
        "repo": "nixpkgs",
        "rev": "37b97ae3dd714de9a17923d004a2c5b5543dfa6d",
        "type": "github"
      },
      "original": {
        "id": "nixpkgs",
        "type": "indirect"
      }
    },
    "root": {
      "inputs": {
        "community-overlay": "community-overlay",
        "emacs": "emacs",
        "flake-utils": "flake-utils",
        "nixpkgs": "nixpkgs"
      }
    }
  },
  "root": "root",
  "version": 7
}
